{
  "nodes": {
    "niccup": {
      "inputs": {
        "nixpkgs": "nixpkgs"
      },
      "locked": {
        "lastModified": 1764783985,
        "narHash": "sha256-V8qD3ggP0H99dQc2cFGQoJfnScJJleuLXVXxBD8kwgU=",
        "owner": "embedding-shapes",
        "repo": "niccup",
        "rev": "885354db9b91ed08be57880bcd2e4881e6d1d1fe",
        "type": "github"
      },
      "original": {
        "owner": "embedding-shapes",
        "repo": "niccup",
        "type": "github"
      }
    },
    "nixpkgs": {
      "locked": {
        "lastModified": 1764522689,
        "narHash": "sha256-SqUuBFjhl/kpDiVaKLQBoD8TLD+/cTUzzgVFoaHrkqY=",
        "owner": "NixOS",
        "repo": "nixpkgs",
        "rev": "8bb5646e0bed5dbd3ab08c7a7cc15b75ab4e1d0f",
        "type": "github"
      },
      "original": {
        "owner": "NixOS",
        "ref": "nixos-25.11",
        "repo": "nixpkgs",
        "type": "github"
      }
    },
    "root": {
      "inputs": {
        "niccup": "niccup",
        "nixpkgs": [
          "niccup",
          "nixpkgs"
        ]
      }
    }
  },
  "root": "root",
  "version": 7
}
